<?xml version="1.0" encoding="utf-8"?>
<Project ToolsVersion="4.0" xmlns="http://schemas.microsoft.com/developer/msbuild/2003">
  <ItemGroup>
    <Filter Include="Game">
      <UniqueIdentifier>{5e23173a-7563-4bdc-a868-751316fc9a26}</UniqueIdentifier>
    </Filter>
    <Filter Include="GUI">
      <UniqueIdentifier>{8d5914aa-72f0-4c8f-9a37-23923140a354}</UniqueIdentifier>
    </Filter>
    <Filter Include="Core">
      <UniqueIdentifier>{9368ef62-f6e9-4742-9196-3ad59b96a2ca}</UniqueIdentifier>
    </Filter>
  </ItemGroup>
  <ItemGroup>
    <ClCompile Include="HighScore.cpp">
      <Filter>Game</Filter>
    </ClCompile>
    <ClCompile Include="Intro.cpp">
      <Filter>Game</Filter>
    </ClCompile>
    <ClCompile Include="Model.cpp">
      <Filter>Game</Filter>
    </ClCompile>
    <ClCompile Include="Space.cpp">
      <Filter>Game</Filter>
    </ClCompile>
    <ClCompile Include="GameEngine.cpp" />
    <ClCompile Include="GameFree.cpp" />
    <ClCompile Include="GameInit.cpp" />
    <ClCompile Include="GameRender.cpp" />
    <ClCompile Include="Main.cpp" />
    <ClCompile Include="Game.cpp" />
    <ClCompile Include="GUI.cpp">
      <Filter>GUI</Filter>
    </ClCompile>
    <ClCompile Include="GUIMenu.cpp">
      <Filter>GUI</Filter>
    </ClCompile>
    <ClCompile Include="GUIScreen.cpp">
      <Filter>GUI</Filter>
    </ClCompile>
    <ClCompile Include="Entity.cpp">
      <Filter>Game</Filter>
    </ClCompile>
    <ClCompile Include="Level.cpp">
      <Filter>Game</Filter>
    </ClCompile>
    <ClCompile Include="FGXFile.cpp">
      <Filter>Core</Filter>
    </ClCompile>
    <ClCompile Include="Files.cpp">
      <Filter>Core</Filter>
    </ClCompile>
    <ClCompile Include="IniFiles.cpp">
      <Filter>Core</Filter>
    </ClCompile>
    <ClCompile Include="Log.cpp">
      <Filter>Core</Filter>
    </ClCompile>
    <ClCompile Include="GameView.cpp" />
  </ItemGroup>
  <ItemGroup>
    <ClInclude Include="HighScore.h">
      <Filter>Game</Filter>
    </ClInclude>
    <ClInclude Include="Intro.h">
      <Filter>Game</Filter>
    </ClInclude>
    <ClInclude Include="Model.h">
      <Filter>Game</Filter>
    </ClInclude>
    <ClInclude Include="Space.h">
      <Filter>Game</Filter>
    </ClInclude>
    <ClInclude Include="Game.h" />
    <ClInclude Include="GUI.h">
      <Filter>GUI</Filter>
    </ClInclude>
    <ClInclude Include="GUIScreen.h">
      <Filter>GUI</Filter>
    </ClInclude>
    <ClInclude Include="GUIMenu.h">
      <Filter>GUI</Filter>
    </ClInclude>
    <ClInclude Include="Entity.h">
      <Filter>Game</Filter>
    </ClInclude>
    <ClInclude Include="FGXFile.h">
      <Filter>Core</Filter>
    </ClInclude>
    <ClInclude Include="Files.h">
      <Filter>Core</Filter>
    </ClInclude>
    <ClInclude Include="IniFiles.h">
      <Filter>Core</Filter>
    </ClInclude>
    <ClInclude Include="Log.h">
      <Filter>Core</Filter>
    </ClInclude>
    <ClInclude Include="mathex.h">
      <Filter>Core</Filter>
    </ClInclude>
    <ClInclude Include="GameView.h" />
  </ItemGroup>
  <ItemGroup>
    <CustomBuild Include="Level.h">
      <Filter>Game</Filter>
    </CustomBuild>
  </ItemGroup>
</Project>