<?xml version="1.0" encoding="utf-8"?>
<Project ToolsVersion="4.0" xmlns="http://schemas.microsoft.com/developer/msbuild/2003">
  <ItemGroup>
    <Filter Include="Game">
      <UniqueIdentifier>{5e23173a-7563-4bdc-a868-751316fc9a26}</UniqueIdentifier>
    </Filter>
    <Filter Include="Graphic">
      <UniqueIdentifier>{96ebccb7-8bd2-4b30-9d6b-665c9f3d08c0}</UniqueIdentifier>
    </Filter>
    <Filter Include="Core">
      <UniqueIdentifier>{320c526b-ad0d-4c8b-b852-02b30fc3d2ed}</UniqueIdentifier>
    </Filter>
    <Filter Include="Engine">
      <UniqueIdentifier>{069eb28b-29cb-4d21-86e2-e271230fc8e2}</UniqueIdentifier>
    </Filter>
  </ItemGroup>
  <ItemGroup>
    <ClCompile Include="GUI.cpp">
      <Filter>Game</Filter>
    </ClCompile>
    <ClCompile Include="HighScore.cpp">
      <Filter>Game</Filter>
    </ClCompile>
    <ClCompile Include="Intro.cpp">
      <Filter>Game</Filter>
    </ClCompile>
    <ClCompile Include="Main.cpp" />
    <ClCompile Include="FGXFile.cpp" />
    <ClCompile Include="IniFiles.cpp" />
    <ClCompile Include="stdafx.cpp" />
    <ClCompile Include="Texture.cpp">
      <Filter>Graphic</Filter>
    </ClCompile>
    <ClCompile Include="XmlTypes.cpp">
      <Filter>Core</Filter>
    </ClCompile>
    <ClCompile Include="Config.cpp">
      <Filter>Core</Filter>
    </ClCompile>
    <ClCompile Include="FileSystem.cpp">
      <Filter>Core</Filter>
    </ClCompile>
    <ClCompile Include="BasicFileSystem.cpp">
      <Filter>Core</Filter>
    </ClCompile>
    <ClCompile Include="PerfTimer.cpp">
      <Filter>Core</Filter>
    </ClCompile>
    <ClCompile Include="InputDevice.cpp">
      <Filter>Core</Filter>
    </ClCompile>
    <ClCompile Include="Menu.cpp">
      <Filter>Game</Filter>
    </ClCompile>
    <ClCompile Include="UIFont.cpp">
      <Filter>Graphic</Filter>
    </ClCompile>
    <ClCompile Include="UIMenu.cpp">
      <Filter>Graphic</Filter>
    </ClCompile>
    <ClCompile Include="MeshFunctions.cpp">
      <Filter>Graphic</Filter>
    </ClCompile>
    <ClCompile Include="Model.cpp">
      <Filter>Graphic</Filter>
    </ClCompile>
    <ClCompile Include="GraphicBuffer.cpp">
      <Filter>Graphic</Filter>
    </ClCompile>
    <ClCompile Include="Engine.cpp">
      <Filter>Engine</Filter>
    </ClCompile>
    <ClCompile Include="EngineState.cpp">
      <Filter>Engine</Filter>
    </ClCompile>
    <ClCompile Include="GameState.cpp">
      <Filter>Game</Filter>
    </ClCompile>
    <ClCompile Include="GameEntity.cpp">
      <Filter>Game</Filter>
    </ClCompile>
    <ClCompile Include="TestState.cpp">
      <Filter>Game</Filter>
    </ClCompile>
    <ClCompile Include="LaserGrid.cpp">
      <Filter>Game</Filter>
    </ClCompile>
    <ClCompile Include="UIBrush.cpp">
      <Filter>Graphic</Filter>
    </ClCompile>
    <ClCompile Include="UIScreen.cpp">
      <Filter>Graphic</Filter>
    </ClCompile>
    <ClCompile Include="UIItems.cpp">
      <Filter>Graphic</Filter>
    </ClCompile>
    <ClCompile Include="UIScreenXml.cpp">
      <Filter>Graphic</Filter>
    </ClCompile>
    <ClCompile Include="GameDifficulty.cpp">
      <Filter>Game</Filter>
    </ClCompile>
    <ClCompile Include="FrameTimer.cpp">
      <Filter>Core</Filter>
    </ClCompile>
    <ClCompile Include="GameLevel.cpp">
      <Filter>Game</Filter>
    </ClCompile>
    <ClCompile Include="GamePlayer.cpp">
      <Filter>Game</Filter>
    </ClCompile>
    <ClCompile Include="GraphicDefines.cpp">
      <Filter>Graphic</Filter>
    </ClCompile>
    <ClCompile Include="GameSkyBox.cpp">
      <Filter>Game</Filter>
    </ClCompile>
    <ClCompile Include="GameObject.cpp">
      <Filter>Game</Filter>
    </ClCompile>
    <ClCompile Include="GameProjectile.cpp">
      <Filter>Game</Filter>
    </ClCompile>
    <ClCompile Include="GameObjectEvent.cpp">
      <Filter>Game</Filter>
    </ClCompile>
    <ClCompile Include="GameObjectEventXml.cpp">
      <Filter>Game</Filter>
    </ClCompile>
    <ClCompile Include="GameActor.cpp">
      <Filter>Game</Filter>
    </ClCompile>
    <ClCompile Include="InputSystem.cpp">
      <Filter>Core</Filter>
    </ClCompile>
  </ItemGroup>
  <ItemGroup>
    <ClInclude Include="GUI.h">
      <Filter>Game</Filter>
    </ClInclude>
    <ClInclude Include="HighScore.h">
      <Filter>Game</Filter>
    </ClInclude>
    <ClInclude Include="Intro.h">
      <Filter>Game</Filter>
    </ClInclude>
    <ClInclude Include="stdafx.h" />
    <ClInclude Include="FGXFile.h" />
    <ClInclude Include="IniFiles.h" />
    <ClInclude Include="MathHelper.h" />
    <ClInclude Include="GLDefines.h">
      <Filter>Graphic</Filter>
    </ClInclude>
    <ClInclude Include="Texture.h">
      <Filter>Graphic</Filter>
    </ClInclude>
    <ClInclude Include="Config.h">
      <Filter>Core</Filter>
    </ClInclude>
    <ClInclude Include="XmlTypes.h">
      <Filter>Core</Filter>
    </ClInclude>
    <ClInclude Include="FileSystem.h">
      <Filter>Core</Filter>
    </ClInclude>
    <ClInclude Include="BasicFileSystem.h">
      <Filter>Core</Filter>
    </ClInclude>
    <ClInclude Include="PerfTimer.h">
      <Filter>Core</Filter>
    </ClInclude>
    <ClInclude Include="InputDevice.h">
      <Filter>Core</Filter>
    </ClInclude>
    <ClInclude Include="Menu.h">
      <Filter>Game</Filter>
    </ClInclude>
    <ClInclude Include="UIFont.h">
      <Filter>Graphic</Filter>
    </ClInclude>
    <ClInclude Include="UIMenu.h">
      <Filter>Graphic</Filter>
    </ClInclude>
    <ClInclude Include="MeshFunctions.h">
      <Filter>Graphic</Filter>
    </ClInclude>
    <ClInclude Include="Model.h">
      <Filter>Graphic</Filter>
    </ClInclude>
    <ClInclude Include="GraphicBuffer.h">
      <Filter>Graphic</Filter>
    </ClInclude>
    <ClInclude Include="Engine.h">
      <Filter>Engine</Filter>
    </ClInclude>
    <ClInclude Include="EngineState.h">
      <Filter>Engine</Filter>
    </ClInclude>
    <ClInclude Include="GameState.h">
      <Filter>Game</Filter>
    </ClInclude>
    <ClInclude Include="GameEntity.h">
      <Filter>Game</Filter>
    </ClInclude>
    <ClInclude Include="TestState.h">
      <Filter>Game</Filter>
    </ClInclude>
    <ClInclude Include="LaserGrid.h">
      <Filter>Game</Filter>
    </ClInclude>
    <ClInclude Include="UIScreen.h">
      <Filter>Graphic</Filter>
    </ClInclude>
    <ClInclude Include="UIBrush.h">
      <Filter>Graphic</Filter>
    </ClInclude>
    <ClInclude Include="UIScreenXml.h">
      <Filter>Graphic</Filter>
    </ClInclude>
    <ClInclude Include="UIItems.h">
      <Filter>Graphic</Filter>
    </ClInclude>
    <ClInclude Include="GameDifficulty.h">
      <Filter>Game</Filter>
    </ClInclude>
    <ClInclude Include="FrameTimer.h">
      <Filter>Core</Filter>
    </ClInclude>
    <ClInclude Include="GamePlayer.h">
      <Filter>Game</Filter>
    </ClInclude>
    <ClInclude Include="GraphicDefines.h">
      <Filter>Graphic</Filter>
    </ClInclude>
    <ClInclude Include="GameSkyBox.h">
      <Filter>Game</Filter>
    </ClInclude>
    <ClInclude Include="GameObject.h">
      <Filter>Game</Filter>
    </ClInclude>
    <ClInclude Include="GameProjectile.h">
      <Filter>Game</Filter>
    </ClInclude>
    <ClInclude Include="GameObjectEvent.h">
      <Filter>Game</Filter>
    </ClInclude>
    <ClInclude Include="GameObjectEventXml.h">
      <Filter>Game</Filter>
    </ClInclude>
    <ClInclude Include="GameObjectDefines.h">
      <Filter>Game</Filter>
    </ClInclude>
    <ClInclude Include="GameActor.h">
      <Filter>Game</Filter>
    </ClInclude>
    <ClInclude Include="InputSystem.h">
      <Filter>Core</Filter>
    </ClInclude>
    <ClInclude Include="InputDefines.h">
      <Filter>Core</Filter>
    </ClInclude>
  </ItemGroup>
  <ItemGroup>
    <CustomBuild Include="GameLevel.h">
      <Filter>Game</Filter>
    </CustomBuild>
  </ItemGroup>
</Project>