<?xml version="1.0" encoding="utf-8"?>
<Project ToolsVersion="4.0" xmlns="http://schemas.microsoft.com/developer/msbuild/2003">
  <ItemGroup>
    <Filter Include="Game">
      <UniqueIdentifier>{5e23173a-7563-4bdc-a868-751316fc9a26}</UniqueIdentifier>
    </Filter>
    <Filter Include="Graphic">
      <UniqueIdentifier>{96ebccb7-8bd2-4b30-9d6b-665c9f3d08c0}</UniqueIdentifier>
    </Filter>
    <Filter Include="Core">
      <UniqueIdentifier>{320c526b-ad0d-4c8b-b852-02b30fc3d2ed}</UniqueIdentifier>
    </Filter>
  </ItemGroup>
  <ItemGroup>
    <ClCompile Include="GUI.cpp">
      <Filter>Game</Filter>
    </ClCompile>
    <ClCompile Include="HighScore.cpp">
      <Filter>Game</Filter>
    </ClCompile>
    <ClCompile Include="Intro.cpp">
      <Filter>Game</Filter>
    </ClCompile>
    <ClCompile Include="Model.cpp">
      <Filter>Game</Filter>
    </ClCompile>
    <ClCompile Include="Racer.cpp">
      <Filter>Game</Filter>
    </ClCompile>
    <ClCompile Include="RaceTrack.cpp">
      <Filter>Game</Filter>
    </ClCompile>
    <ClCompile Include="Space.cpp">
      <Filter>Game</Filter>
    </ClCompile>
    <ClCompile Include="Main.cpp" />
    <ClCompile Include="FGXFile.cpp" />
    <ClCompile Include="IniFiles.cpp" />
    <ClCompile Include="stdafx.cpp" />
    <ClCompile Include="Texture.cpp">
      <Filter>Graphic</Filter>
    </ClCompile>
    <ClCompile Include="XmlTypes.cpp">
      <Filter>Core</Filter>
    </ClCompile>
    <ClCompile Include="Config.cpp">
      <Filter>Core</Filter>
    </ClCompile>
    <ClCompile Include="FileSystem.cpp">
      <Filter>Core</Filter>
    </ClCompile>
    <ClCompile Include="BasicFileSystem.cpp">
      <Filter>Core</Filter>
    </ClCompile>
    <ClCompile Include="PerfTimer.cpp">
      <Filter>Core</Filter>
    </ClCompile>
    <ClCompile Include="InputDevice.cpp">
      <Filter>Core</Filter>
    </ClCompile>
    <ClCompile Include="Menu.cpp">
      <Filter>Game</Filter>
    </ClCompile>
    <ClCompile Include="GraphicView.cpp">
      <Filter>Graphic</Filter>
    </ClCompile>
    <ClCompile Include="LogicProcess.cpp">
      <Filter>Game</Filter>
    </ClCompile>
    <ClCompile Include="UIFont.cpp">
      <Filter>Graphic</Filter>
    </ClCompile>
    <ClCompile Include="UIMenu.cpp">
      <Filter>Graphic</Filter>
    </ClCompile>
    <ClCompile Include="MeshFunctions.cpp">
      <Filter>Graphic</Filter>
    </ClCompile>
    <ClCompile Include="Engine.cpp" />
  </ItemGroup>
  <ItemGroup>
    <ClInclude Include="GUI.h">
      <Filter>Game</Filter>
    </ClInclude>
    <ClInclude Include="HighScore.h">
      <Filter>Game</Filter>
    </ClInclude>
    <ClInclude Include="Intro.h">
      <Filter>Game</Filter>
    </ClInclude>
    <ClInclude Include="Model.h">
      <Filter>Game</Filter>
    </ClInclude>
    <ClInclude Include="Racer.h">
      <Filter>Game</Filter>
    </ClInclude>
    <ClInclude Include="Space.h">
      <Filter>Game</Filter>
    </ClInclude>
    <ClInclude Include="stdafx.h" />
    <ClInclude Include="FGXFile.h" />
    <ClInclude Include="IniFiles.h" />
    <ClInclude Include="MathHelper.h" />
    <ClInclude Include="GLDefines.h">
      <Filter>Graphic</Filter>
    </ClInclude>
    <ClInclude Include="Texture.h">
      <Filter>Graphic</Filter>
    </ClInclude>
    <ClInclude Include="Config.h">
      <Filter>Core</Filter>
    </ClInclude>
    <ClInclude Include="XmlTypes.h">
      <Filter>Core</Filter>
    </ClInclude>
    <ClInclude Include="FileSystem.h">
      <Filter>Core</Filter>
    </ClInclude>
    <ClInclude Include="BasicFileSystem.h">
      <Filter>Core</Filter>
    </ClInclude>
    <ClInclude Include="PerfTimer.h">
      <Filter>Core</Filter>
    </ClInclude>
    <ClInclude Include="InputDevice.h">
      <Filter>Core</Filter>
    </ClInclude>
    <ClInclude Include="Menu.h">
      <Filter>Game</Filter>
    </ClInclude>
    <ClInclude Include="GraphicView.h">
      <Filter>Graphic</Filter>
    </ClInclude>
    <ClInclude Include="LogicProcess.h">
      <Filter>Game</Filter>
    </ClInclude>
    <ClInclude Include="UIFont.h">
      <Filter>Graphic</Filter>
    </ClInclude>
    <ClInclude Include="UIMenu.h">
      <Filter>Graphic</Filter>
    </ClInclude>
    <ClInclude Include="MeshFunctions.h">
      <Filter>Graphic</Filter>
    </ClInclude>
    <ClInclude Include="Engine.h" />
  </ItemGroup>
  <ItemGroup>
    <CustomBuild Include="RaceTrack.h">
      <Filter>Game</Filter>
    </CustomBuild>
  </ItemGroup>
</Project>