
Microsoft Visual Studio Solution File, Format Version 12.00
# Visual Studio 14
VisualStudioVersion = 14.0.24720.0
MinimumVisualStudioVersion = 10.0.40219.1
Project("{8BC9CEB8-8B4A-11D0-8D11-00A0C91BC942}") = "BitmapToText", "BitmapToText\BitmapToText.vcxproj", "{7CDD8475-75A2-47F9-A2DA-44DC6F6F28D9}"
EndProject
Project("{8BC9CEB8-8B4A-11D0-8D11-00A0C91BC942}") = "Game", "Game\Game.vcxproj", "{3E98FAD6-2440-4EA6-A09F-0B018A420806}"
EndProject
Global
	GlobalSection(SolutionConfigurationPlatforms) = preSolution
		Debug|Win32 = Debug|Win32
		Release|Win32 = Release|Win32
	EndGlobalSection
	GlobalSection(ProjectConfigurationPlatforms) = postSolution
		{7CDD8475-75A2-47F9-A2DA-44DC6F6F28D9}.Debug|Win32.ActiveCfg = Debug|Win32
		{7CDD8475-75A2-47F9-A2DA-44DC6F6F28D9}.Debug|Win32.Build.0 = Debug|Win32
		{7CDD8475-75A2-47F9-A2DA-44DC6F6F28D9}.Release|Win32.ActiveCfg = Release|Win32
		{7CDD8475-75A2-47F9-A2DA-44DC6F6F28D9}.Release|Win32.Build.0 = Release|Win32
		{3E98FAD6-2440-4EA6-A09F-0B018A420806}.Debug|Win32.ActiveCfg = Debug|Win32
		{3E98FAD6-2440-4EA6-A09F-0B018A420806}.Debug|Win32.Build.0 = Debug|Win32
		{3E98FAD6-2440-4EA6-A09F-0B018A420806}.Release|Win32.ActiveCfg = Release|Win32
		{3E98FAD6-2440-4EA6-A09F-0B018A420806}.Release|Win32.Build.0 = Release|Win32
	EndGlobalSection
	GlobalSection(SolutionProperties) = preSolution
		HideSolutionNode = FALSE
	EndGlobalSection
EndGlobal
