<?xml version="1.0" encoding="utf-8"?>
<Project ToolsVersion="4.0" xmlns="http://schemas.microsoft.com/developer/msbuild/2003">
  <ItemGroup>
    <Filter Include="OpenGL">
      <UniqueIdentifier>{1edb5da6-1f36-465e-aa82-53db345416bd}</UniqueIdentifier>
    </Filter>
    <Filter Include="Math">
      <UniqueIdentifier>{584d277b-f4c0-4f37-8329-5833d4672f3c}</UniqueIdentifier>
    </Filter>
    <Filter Include="Logger">
      <UniqueIdentifier>{870ab39d-ce16-44a6-a5c4-e2052970b896}</UniqueIdentifier>
    </Filter>
    <Filter Include="File">
      <UniqueIdentifier>{d5b1a6b3-2a2d-49ca-a5a0-209f2453f44f}</UniqueIdentifier>
    </Filter>
  </ItemGroup>
  <ItemGroup>
    <ClInclude Include="GLDevice.h">
      <Filter>OpenGL</Filter>
    </ClInclude>
    <ClInclude Include="Vector.h">
      <Filter>Math</Filter>
    </ClInclude>
    <ClInclude Include="Log.h">
      <Filter>Logger</Filter>
    </ClInclude>
    <ClInclude Include="FGXFile.h">
      <Filter>File</Filter>
    </ClInclude>
    <ClInclude Include="Files.h">
      <Filter>File</Filter>
    </ClInclude>
    <ClInclude Include="IniFiles.h">
      <Filter>File</Filter>
    </ClInclude>
  </ItemGroup>
  <ItemGroup>
    <ClCompile Include="Log.cpp">
      <Filter>Logger</Filter>
    </ClCompile>
    <ClCompile Include="Files.cpp">
      <Filter>File</Filter>
    </ClCompile>
    <ClCompile Include="IniFiles.cpp">
      <Filter>File</Filter>
    </ClCompile>
  </ItemGroup>
</Project>